// !$*UTF8*$!
{
	archiveVersion = 1;
	classes = {
	};
	objectVersion = 50;
	objects = {

/* Begin PBXBuildFile section */
		D5034CF324314E0A00337AC4 /* Delm-Medium.otf in Resources */ = {isa = PBXBuildFile; fileRef = D5034CF224314E0A00337AC4 /* Delm-Medium.otf */; };
		D5034CF524314E7E00337AC4 /* ThirstySoftRegular 23-42-34-815.otf in Resources */ = {isa = PBXBuildFile; fileRef = D5034CF424314E7E00337AC4 /* ThirstySoftRegular 23-42-34-815.otf */; };
		D59A2406242D2F510096B91F /* AppDelegate.swift in Sources */ = {isa = PBXBuildFile; fileRef = D59A2405242D2F510096B91F /* AppDelegate.swift */; };
		D59A2408242D2F510096B91F /* SceneDelegate.swift in Sources */ = {isa = PBXBuildFile; fileRef = D59A2407242D2F510096B91F /* SceneDelegate.swift */; };
		D59A240A242D2F510096B91F /* ViewController.swift in Sources */ = {isa = PBXBuildFile; fileRef = D59A2409242D2F510096B91F /* ViewController.swift */; };
		D59A240D242D2F510096B91F /* Main.storyboard in Resources */ = {isa = PBXBuildFile; fileRef = D59A240B242D2F510096B91F /* Main.storyboard */; };
		D59A240F242D2F520096B91F /* Assets.xcassets in Resources */ = {isa = PBXBuildFile; fileRef = D59A240E242D2F520096B91F /* Assets.xcassets */; };
		D59A2412242D2F520096B91F /* LaunchScreen.storyboard in Resources */ = {isa = PBXBuildFile; fileRef = D59A2410242D2F520096B91F /* LaunchScreen.storyboard */; };
/* End PBXBuildFile section */

/* Begin PBXFileReference section */
		D5034CF224314E0A00337AC4 /* Delm-Medium.otf */ = {isa = PBXFileReference; lastKnownFileType = file; path = "Delm-Medium.otf"; sourceTree = "<group>"; };
		D5034CF424314E7E00337AC4 /* ThirstySoftRegular 23-42-34-815.otf */ = {isa = PBXFileReference; lastKnownFileType = file; path = "ThirstySoftRegular 23-42-34-815.otf"; sourceTree = "<group>"; };
		D59A2402242D2F510096B91F /* TEST-PROJET4.app */ = {isa = PBXFileReference; explicitFileType = wrapper.application; includeInIndex = 0; path = "TEST-PROJET4.app"; sourceTree = BUILT_PRODUCTS_DIR; };
		D59A2405242D2F510096B91F /* AppDelegate.swift */ = {isa = PBXFileReference; lastKnownFileType = sourcecode.swift; path = AppDelegate.swift; sourceTree = "<group>"; };
		D59A2407242D2F510096B91F /* SceneDelegate.swift */ = {isa = PBXFileReference; lastKnownFileType = sourcecode.swift; path = SceneDelegate.swift; sourceTree = "<group>"; };
		D59A2409242D2F510096B91F /* ViewController.swift */ = {isa = PBXFileReference; lastKnownFileType = sourcecode.swift; path = ViewController.swift; sourceTree = "<group>"; };
		D59A240C242D2F510096B91F /* Base */ = {isa = PBXFileReference; lastKnownFileType = file.storyboard; name = Base; path = Base.lproj/Main.storyboard; sourceTree = "<group>"; };
		D59A240E242D2F520096B91F /* Assets.xcassets */ = {isa = PBXFileReference; lastKnownFileType = folder.assetcatalog; path = Assets.xcassets; sourceTree = "<group>"; };
		D59A2411242D2F520096B91F /* Base */ = {isa = PBXFileReference; lastKnownFileType = file.storyboard; name = Base; path = Base.lproj/LaunchScreen.storyboard; sourceTree = "<group>"; };
		D59A2413242D2F520096B91F /* Info.plist */ = {isa = PBXFileReference; lastKnownFileType = text.plist.xml; path = Info.plist; sourceTree = "<group>"; };
/* End PBXFileReference section */

/* Begin PBXFrameworksBuildPhase section */
		D59A23FF242D2F510096B91F /* Frameworks */ = {
			isa = PBXFrameworksBuildPhase;
			buildActionMask = 2147483647;
			files = (
			);
			runOnlyForDeploymentPostprocessing = 0;
		};
/* End PBXFrameworksBuildPhase section */

/* Begin PBXGroup section */
		D59A23F9242D2F510096B91F = {
			isa = PBXGroup;
			children = (
				D59A2404242D2F510096B91F /* TEST-PROJET4 */,
				D59A2403242D2F510096B91F /* Products */,
			);
			sourceTree = "<group>";
		};
		D59A2403242D2F510096B91F /* Products */ = {
			isa = PBXGroup;
			children = (
				D59A2402242D2F510096B91F /* TEST-PROJET4.app */,
			);
			name = Products;
			sourceTree = "<group>";
		};
		D59A2404242D2F510096B91F /* TEST-PROJET4 */ = {
			isa = PBXGroup;
			children = (
				D5C3A09724327DD6005BB034 /* Supporting files */,
				D5C3A09424327C96005BB034 /* Model */,
				D5C3A09524327CCA005BB034 /* View */,
				D5C3A09624327CD7005BB034 /* Controller */,
			);
			path = "TEST-PROJET4";
			sourceTree = "<group>";
		};
		D5C3A09424327C96005BB034 /* Model */ = {
			isa = PBXGroup;
			children = (
			);
			path = Model;
			sourceTree = "<group>";
		};
		D5C3A09524327CCA005BB034 /* View */ = {
			isa = PBXGroup;
			children = (
				D59A240B242D2F510096B91F /* Main.storyboard */,
			);
			path = View;
			sourceTree = "<group>";
		};
		D5C3A09624327CD7005BB034 /* Controller */ = {
			isa = PBXGroup;
			children = (
				D59A2409242D2F510096B91F /* ViewController.swift */,
			);
			path = Controller;
			sourceTree = "<group>";
		};
		D5C3A09724327DD6005BB034 /* Supporting files */ = {
			isa = PBXGroup;
			children = (
				D59A240E242D2F520096B91F /* Assets.xcassets */,
				D59A2413242D2F520096B91F /* Info.plist */,
				D5034CF224314E0A00337AC4 /* Delm-Medium.otf */,
				D59A2405242D2F510096B91F /* AppDelegate.swift */,
				D5034CF424314E7E00337AC4 /* ThirstySoftRegular 23-42-34-815.otf */,
				D59A2407242D2F510096B91F /* SceneDelegate.swift */,
				D59A2410242D2F520096B91F /* LaunchScreen.storyboard */,
			);
			path = "Supporting files";
			sourceTree = "<group>";
		};
/* End PBXGroup section */

/* Begin PBXNativeTarget section */
		D59A2401242D2F510096B91F /* TEST-PROJET4 */ = {
			isa = PBXNativeTarget;
			buildConfigurationList = D59A2416242D2F520096B91F /* Build configuration list for PBXNativeTarget "TEST-PROJET4" */;
			buildPhases = (
				D59A23FE242D2F510096B91F /* Sources */,
				D59A23FF242D2F510096B91F /* Frameworks */,
				D59A2400242D2F510096B91F /* Resources */,
			);
			buildRules = (
			);
			dependencies = (
			);
			name = "TEST-PROJET4";
			productName = "TEST-PROJET4";
			productReference = D59A2402242D2F510096B91F /* TEST-PROJET4.app */;
			productType = "com.apple.product-type.application";
		};
/* End PBXNativeTarget section */

/* Begin PBXProject section */
		D59A23FA242D2F510096B91F /* Project object */ = {
			isa = PBXProject;
			attributes = {
				LastSwiftUpdateCheck = 1130;
				LastUpgradeCheck = 1130;
				ORGANIZATIONNAME = armellelecerf;
				TargetAttributes = {
					D59A2401242D2F510096B91F = {
						CreatedOnToolsVersion = 11.3.1;
					};
				};
			};
			buildConfigurationList = D59A23FD242D2F510096B91F /* Build configuration list for PBXProject "TEST-PROJET4" */;
			compatibilityVersion = "Xcode 9.3";
			developmentRegion = en;
			hasScannedForEncodings = 0;
			knownRegions = (
				en,
				Base,
			);
			mainGroup = D59A23F9242D2F510096B91F;
			productRefGroup = D59A2403242D2F510096B91F /* Products */;
			projectDirPath = "";
			projectRoot = "";
			targets = (
				D59A2401242D2F510096B91F /* TEST-PROJET4 */,
			);
		};
/* End PBXProject section */

/* Begin PBXResourcesBuildPhase section */
		D59A2400242D2F510096B91F /* Resources */ = {
			isa = PBXResourcesBuildPhase;
			buildActionMask = 2147483647;
			files = (
				D59A2412242D2F520096B91F /* LaunchScreen.storyboard in Resources */,
				D5034CF524314E7E00337AC4 /* ThirstySoftRegular 23-42-34-815.otf in Resources */,
				D59A240F242D2F520096B91F /* Assets.xcassets in Resources */,
				D5034CF324314E0A00337AC4 /* Delm-Medium.otf in Resources */,
				D59A240D242D2F510096B91F /* Main.storyboard in Resources */,
			);
			runOnlyForDeploymentPostprocessing = 0;
		};
/* End PBXResourcesBuildPhase section */

/* Begin PBXSourcesBuildPhase section */
		D59A23FE242D2F510096B91F /* Sources */ = {
			isa = PBXSourcesBuildPhase;
			buildActionMask = 2147483647;
			files = (
				D59A240A242D2F510096B91F /* ViewController.swift in Sources */,
				D59A2406242D2F510096B91F /* AppDelegate.swift in Sources */,
				D59A2408242D2F510096B91F /* SceneDelegate.swift in Sources */,
			);
			runOnlyForDeploymentPostprocessing = 0;
		};
/* End PBXSourcesBuildPhase section */

/* Begin PBXVariantGroup section */
		D59A240B242D2F510096B91F /* Main.storyboard */ = {
			isa = PBXVariantGroup;
			children = (
				D59A240C242D2F510096B91F /* Base */,
			);
			name = Main.storyboard;
			sourceTree = "<group>";
		};
		D59A2410242D2F520096B91F /* LaunchScreen.storyboard */ = {
			isa = PBXVariantGroup;
			children = (
				D59A2411242D2F520096B91F /* Base */,
			);
			name = LaunchScreen.storyboard;
			sourceTree = "<group>";
		};
/* End PBXVariantGroup section */

/* Begin XCBuildConfiguration section */
		D59A2414242D2F520096B91F /* Debug */ = {
			isa = XCBuildConfiguration;
			buildSettings = {
				ALWAYS_SEARCH_USER_PATHS = NO;
				CLANG_ANALYZER_NONNULL = YES;
				CLANG_ANALYZER_NUMBER_OBJECT_CONVERSION = YES_AGGRESSIVE;
				CLANG_CXX_LANGUAGE_STANDARD = "gnu++14";
				CLANG_CXX_LIBRARY = "libc++";
				CLANG_ENABLE_MODULES = YES;
				CLANG_ENABLE_OBJC_ARC = YES;
				CLANG_ENABLE_OBJC_WEAK = YES;
				CLANG_WARN_BLOCK_CAPTURE_AUTORELEASING = YES;
				CLANG_WARN_BOOL_CONVERSION = YES;
				CLANG_WARN_COMMA = YES;
				CLANG_WARN_CONSTANT_CONVERSION = YES;
				CLANG_WARN_DEPRECATED_OBJC_IMPLEMENTATIONS = YES;
				CLANG_WARN_DIRECT_OBJC_ISA_USAGE = YES_ERROR;
				CLANG_WARN_DOCUMENTATION_COMMENTS = YES;
				CLANG_WARN_EMPTY_BODY = YES;
				CLANG_WARN_ENUM_CONVERSION = YES;
				CLANG_WARN_INFINITE_RECURSION = YES;
				CLANG_WARN_INT_CONVERSION = YES;
				CLANG_WARN_NON_LITERAL_NULL_CONVERSION = YES;
				CLANG_WARN_OBJC_IMPLICIT_RETAIN_SELF = YES;
				CLANG_WARN_OBJC_LITERAL_CONVERSION = YES;
				CLANG_WARN_OBJC_ROOT_CLASS = YES_ERROR;
				CLANG_WARN_RANGE_LOOP_ANALYSIS = YES;
				CLANG_WARN_STRICT_PROTOTYPES = YES;
				CLANG_WARN_SUSPICIOUS_MOVE = YES;
				CLANG_WARN_UNGUARDED_AVAILABILITY = YES_AGGRESSIVE;
				CLANG_WARN_UNREACHABLE_CODE = YES;
				CLANG_WARN__DUPLICATE_METHOD_MATCH = YES;
				COPY_PHASE_STRIP = NO;
				DEBUG_INFORMATION_FORMAT = dwarf;
				ENABLE_STRICT_OBJC_MSGSEND = YES;
				ENABLE_TESTABILITY = YES;
				GCC_C_LANGUAGE_STANDARD = gnu11;
				GCC_DYNAMIC_NO_PIC = NO;
				GCC_NO_COMMON_BLOCKS = YES;
				GCC_OPTIMIZATION_LEVEL = 0;
				GCC_PREPROCESSOR_DEFINITIONS = (
					"DEBUG=1",
					"$(inherited)",
				);
				GCC_WARN_64_TO_32_BIT_CONVERSION = YES;
				GCC_WARN_ABOUT_RETURN_TYPE = YES_ERROR;
				GCC_WARN_UNDECLARED_SELECTOR = YES;
				GCC_WARN_UNINITIALIZED_AUTOS = YES_AGGRESSIVE;
				GCC_WARN_UNUSED_FUNCTION = YES;
				GCC_WARN_UNUSED_VARIABLE = YES;
				IPHONEOS_DEPLOYMENT_TARGET = 13.2;
				MTL_ENABLE_DEBUG_INFO = INCLUDE_SOURCE;
				MTL_FAST_MATH = YES;
				ONLY_ACTIVE_ARCH = YES;
				SDKROOT = iphoneos;
				SWIFT_ACTIVE_COMPILATION_CONDITIONS = DEBUG;
				SWIFT_OPTIMIZATION_LEVEL = "-Onone";
			};
			name = Debug;
		};
		D59A2415242D2F520096B91F /* Release */ = {
			isa = XCBuildConfiguration;
			buildSettings = {
				ALWAYS_SEARCH_USER_PATHS = NO;
				CLANG_ANALYZER_NONNULL = YES;
				CLANG_ANALYZER_NUMBER_OBJECT_CONVERSION = YES_AGGRESSIVE;
				CLANG_CXX_LANGUAGE_STANDARD = "gnu++14";
				CLANG_CXX_LIBRARY = "libc++";
				CLANG_ENABLE_MODULES = YES;
				CLANG_ENABLE_OBJC_ARC = YES;
				CLANG_ENABLE_OBJC_WEAK = YES;
				CLANG_WARN_BLOCK_CAPTURE_AUTORELEASING = YES;
				CLANG_WARN_BOOL_CONVERSION = YES;
				CLANG_WARN_COMMA = YES;
				CLANG_WARN_CONSTANT_CONVERSION = YES;
				CLANG_WARN_DEPRECATED_OBJC_IMPLEMENTATIONS = YES;
				CLANG_WARN_DIRECT_OBJC_ISA_USAGE = YES_ERROR;
				CLANG_WARN_DOCUMENTATION_COMMENTS = YES;
				CLANG_WARN_EMPTY_BODY = YES;
				CLANG_WARN_ENUM_CONVERSION = YES;
				CLANG_WARN_INFINITE_RECURSION = YES;
				CLANG_WARN_INT_CONVERSION = YES;
				CLANG_WARN_NON_LITERAL_NULL_CONVERSION = YES;
				CLANG_WARN_OBJC_IMPLICIT_RETAIN_SELF = YES;
				CLANG_WARN_OBJC_LITERAL_CONVERSION = YES;
				CLANG_WARN_OBJC_ROOT_CLASS = YES_ERROR;
				CLANG_WARN_RANGE_LOOP_ANALYSIS = YES;
				CLANG_WARN_STRICT_PROTOTYPES = YES;
				CLANG_WARN_SUSPICIOUS_MOVE = YES;
				CLANG_WARN_UNGUARDED_AVAILABILITY = YES_AGGRESSIVE;
				CLANG_WARN_UNREACHABLE_CODE = YES;
				CLANG_WARN__DUPLICATE_METHOD_MATCH = YES;
				COPY_PHASE_STRIP = NO;
				DEBUG_INFORMATION_FORMAT = "dwarf-with-dsym";
				ENABLE_NS_ASSERTIONS = NO;
				ENABLE_STRICT_OBJC_MSGSEND = YES;
				GCC_C_LANGUAGE_STANDARD = gnu11;
				GCC_NO_COMMON_BLOCKS = YES;
				GCC_WARN_64_TO_32_BIT_CONVERSION = YES;
				GCC_WARN_ABOUT_RETURN_TYPE = YES_ERROR;
				GCC_WARN_UNDECLARED_SELECTOR = YES;
				GCC_WARN_UNINITIALIZED_AUTOS = YES_AGGRESSIVE;
				GCC_WARN_UNUSED_FUNCTION = YES;
				GCC_WARN_UNUSED_VARIABLE = YES;
				IPHONEOS_DEPLOYMENT_TARGET = 13.2;
				MTL_ENABLE_DEBUG_INFO = NO;
				MTL_FAST_MATH = YES;
				SDKROOT = iphoneos;
				SWIFT_COMPILATION_MODE = wholemodule;
				SWIFT_OPTIMIZATION_LEVEL = "-O";
				VALIDATE_PRODUCT = YES;
			};
			name = Release;
		};
		D59A2417242D2F520096B91F /* Debug */ = {
			isa = XCBuildConfiguration;
			buildSettings = {
				ASSETCATALOG_COMPILER_APPICON_NAME = AppIcon;
				CODE_SIGN_STYLE = Automatic;
				INFOPLIST_FILE = "$(SRCROOT)/TEST-PROJET4/Supporting files/Info.plist";
				LD_RUNPATH_SEARCH_PATHS = (
					"$(inherited)",
					"@executable_path/Frameworks",
				);
				PRODUCT_BUNDLE_IDENTIFIER = "com.armellelecerf.TEST-PROJET4";
				PRODUCT_NAME = "$(TARGET_NAME)";
				SWIFT_VERSION = 5.0;
				TARGETED_DEVICE_FAMILY = "1,2";
			};
			name = Debug;
		};
		D59A2418242D2F520096B91F /* Release */ = {
			isa = XCBuildConfiguration;
			buildSettings = {
				ASSETCATALOG_COMPILER_APPICON_NAME = AppIcon;
				CODE_SIGN_STYLE = Automatic;
				INFOPLIST_FILE = "$(SRCROOT)/TEST-PROJET4/Supporting files/Info.plist";
				LD_RUNPATH_SEARCH_PATHS = (
					"$(inherited)",
					"@executable_path/Frameworks",
				);
				PRODUCT_BUNDLE_IDENTIFIER = "com.armellelecerf.TEST-PROJET4";
				PRODUCT_NAME = "$(TARGET_NAME)";
				SWIFT_VERSION = 5.0;
				TARGETED_DEVICE_FAMILY = "1,2";
			};
			name = Release;
		};
/* End XCBuildConfiguration section */

/* Begin XCConfigurationList section */
		D59A23FD242D2F510096B91F /* Build configuration list for PBXProject "TEST-PROJET4" */ = {
			isa = XCConfigurationList;
			buildConfigurations = (
				D59A2414242D2F520096B91F /* Debug */,
				D59A2415242D2F520096B91F /* Release */,
			);
			defaultConfigurationIsVisible = 0;
			defaultConfigurationName = Release;
		};
		D59A2416242D2F520096B91F /* Build configuration list for PBXNativeTarget "TEST-PROJET4" */ = {
			isa = XCConfigurationList;
			buildConfigurations = (
				D59A2417242D2F520096B91F /* Debug */,
				D59A2418242D2F520096B91F /* Release */,
			);
			defaultConfigurationIsVisible = 0;
			defaultConfigurationName = Release;
		};
/* End XCConfigurationList section */
	};
	rootObject = D59A23FA242D2F510096B91F /* Project object */;
}
